
Microsoft Visual Studio Solution File, Format Version 12.00
# Visual Studio Version 17
VisualStudioVersion = 17.5.33530.505
MinimumVisualStudioVersion = 10.0.40219.1
Project("{2150E333-8FDC-42A3-9474-1A3956D46DE8}") = "Web", "Web", "{5D7D01B6-30E0-4552-BE0E-6EE1577B5FA7}"
EndProject
Project("{2150E333-8FDC-42A3-9474-1A3956D46DE8}") = "Services", "Services", "{BE8F341D-1378-4B40-88F9-6901B74F17C3}"
EndProject
Project("{9A19103F-16F7-4668-BE54-9A1E7A4F7556}") = "GeekShopping.ProductAPI", "services\GeekShopping.ProductAPI\GeekShopping.ProductAPI.csproj", "{E820BEDB-4C6C-466E-8A42-5E4FE84FF7EA}"
EndProject
Project("{9A19103F-16F7-4668-BE54-9A1E7A4F7556}") = "GeekShopping.Web", "web\GeekShopping.Web\GeekShopping.Web.csproj", "{CD9F96F8-49C8-46FF-A8CC-2756ED320C6A}"
EndProject
Project("{9A19103F-16F7-4668-BE54-9A1E7A4F7556}") = "GeekShopping.IdentityServer", "services\GeekShopping.IdentityServer\GeekShopping.IdentityServer.csproj", "{3B671AE4-AF30-4256-AB2E-96335CAC1C2F}"
EndProject
Project("{9A19103F-16F7-4668-BE54-9A1E7A4F7556}") = "GeekShopping.CartAPI", "services\GeekShopping.CartAPI\GeekShopping.CartAPI.csproj", "{51B830FB-5972-4252-B2B3-AEBF1F4F8B3F}"
EndProject
Project("{9A19103F-16F7-4668-BE54-9A1E7A4F7556}") = "GeekShopping.CouponAPI", "services\GeekShopping.CouponAPI\GeekShopping.CouponAPI.csproj", "{88B9501D-26E2-4F35-8843-9C5508ADCE0C}"
EndProject
Project("{2150E333-8FDC-42A3-9474-1A3956D46DE8}") = "Integration", "Integration", "{87463739-DAB3-4D1B-AA6A-A467C6F8F5F0}"
EndProject
Project("{9A19103F-16F7-4668-BE54-9A1E7A4F7556}") = "GeekShopping.MessageBus", "integration\GeekShopping.MessageBus\GeekShopping.MessageBus.csproj", "{F6114966-6C3E-4335-84B2-A838EC8F9FE2}"
EndProject
Project("{9A19103F-16F7-4668-BE54-9A1E7A4F7556}") = "GeekShopping.OrderAPI", "services\GeekShopping.OrderAPI\GeekShopping.OrderAPI.csproj", "{283EC98E-8228-4D95-918F-729D39506414}"
EndProject
Project("{2150E333-8FDC-42A3-9474-1A3956D46DE8}") = "Payments", "Payments", "{8A9E12A8-E596-4CCC-98A8-1836B09E7551}"
EndProject
Project("{9A19103F-16F7-4668-BE54-9A1E7A4F7556}") = "GeekShopping.PaymentProcessor", "payments\GeekShopping.PaymentProcessor\GeekShopping.PaymentProcessor.csproj", "{5B065906-7B39-42E5-B18E-914BC69378FF}"
EndProject
Project("{FAE04EC0-301F-11D3-BF4B-00C04F79EFBC}") = "GeekShopping.PaymentAPI", "services\GeekShopping.PaymentAPI\GeekShopping.PaymentAPI.csproj", "{E0876E7E-AD07-45BF-856A-AF3CDC5B749A}"
EndProject
Project("{FAE04EC0-301F-11D3-BF4B-00C04F79EFBC}") = "GeekShopping.Email", "services\GeekShopping.Email\GeekShopping.Email.csproj", "{2B2BC615-2A81-4847-89C3-43F3F3811525}"
EndProject
Global
	GlobalSection(SolutionConfigurationPlatforms) = preSolution
		Debug|Any CPU = Debug|Any CPU
		Release|Any CPU = Release|Any CPU
	EndGlobalSection
	GlobalSection(ProjectConfigurationPlatforms) = postSolution
		{E820BEDB-4C6C-466E-8A42-5E4FE84FF7EA}.Debug|Any CPU.ActiveCfg = Debug|Any CPU
		{E820BEDB-4C6C-466E-8A42-5E4FE84FF7EA}.Debug|Any CPU.Build.0 = Debug|Any CPU
		{E820BEDB-4C6C-466E-8A42-5E4FE84FF7EA}.Release|Any CPU.ActiveCfg = Release|Any CPU
		{E820BEDB-4C6C-466E-8A42-5E4FE84FF7EA}.Release|Any CPU.Build.0 = Release|Any CPU
		{CD9F96F8-49C8-46FF-A8CC-2756ED320C6A}.Debug|Any CPU.ActiveCfg = Debug|Any CPU
		{CD9F96F8-49C8-46FF-A8CC-2756ED320C6A}.Debug|Any CPU.Build.0 = Debug|Any CPU
		{CD9F96F8-49C8-46FF-A8CC-2756ED320C6A}.Release|Any CPU.ActiveCfg = Release|Any CPU
		{CD9F96F8-49C8-46FF-A8CC-2756ED320C6A}.Release|Any CPU.Build.0 = Release|Any CPU
		{3B671AE4-AF30-4256-AB2E-96335CAC1C2F}.Debug|Any CPU.ActiveCfg = Debug|Any CPU
		{3B671AE4-AF30-4256-AB2E-96335CAC1C2F}.Debug|Any CPU.Build.0 = Debug|Any CPU
		{3B671AE4-AF30-4256-AB2E-96335CAC1C2F}.Release|Any CPU.ActiveCfg = Release|Any CPU
		{3B671AE4-AF30-4256-AB2E-96335CAC1C2F}.Release|Any CPU.Build.0 = Release|Any CPU
		{51B830FB-5972-4252-B2B3-AEBF1F4F8B3F}.Debug|Any CPU.ActiveCfg = Debug|Any CPU
		{51B830FB-5972-4252-B2B3-AEBF1F4F8B3F}.Debug|Any CPU.Build.0 = Debug|Any CPU
		{51B830FB-5972-4252-B2B3-AEBF1F4F8B3F}.Release|Any CPU.ActiveCfg = Release|Any CPU
		{51B830FB-5972-4252-B2B3-AEBF1F4F8B3F}.Release|Any CPU.Build.0 = Release|Any CPU
		{88B9501D-26E2-4F35-8843-9C5508ADCE0C}.Debug|Any CPU.ActiveCfg = Debug|Any CPU
		{88B9501D-26E2-4F35-8843-9C5508ADCE0C}.Debug|Any CPU.Build.0 = Debug|Any CPU
		{88B9501D-26E2-4F35-8843-9C5508ADCE0C}.Release|Any CPU.ActiveCfg = Release|Any CPU
		{88B9501D-26E2-4F35-8843-9C5508ADCE0C}.Release|Any CPU.Build.0 = Release|Any CPU
		{F6114966-6C3E-4335-84B2-A838EC8F9FE2}.Debug|Any CPU.ActiveCfg = Debug|Any CPU
		{F6114966-6C3E-4335-84B2-A838EC8F9FE2}.Debug|Any CPU.Build.0 = Debug|Any CPU
		{F6114966-6C3E-4335-84B2-A838EC8F9FE2}.Release|Any CPU.ActiveCfg = Release|Any CPU
		{F6114966-6C3E-4335-84B2-A838EC8F9FE2}.Release|Any CPU.Build.0 = Release|Any CPU
		{283EC98E-8228-4D95-918F-729D39506414}.Debug|Any CPU.ActiveCfg = Debug|Any CPU
		{283EC98E-8228-4D95-918F-729D39506414}.Debug|Any CPU.Build.0 = Debug|Any CPU
		{283EC98E-8228-4D95-918F-729D39506414}.Release|Any CPU.ActiveCfg = Release|Any CPU
		{283EC98E-8228-4D95-918F-729D39506414}.Release|Any CPU.Build.0 = Release|Any CPU
		{5B065906-7B39-42E5-B18E-914BC69378FF}.Debug|Any CPU.ActiveCfg = Debug|Any CPU
		{5B065906-7B39-42E5-B18E-914BC69378FF}.Debug|Any CPU.Build.0 = Debug|Any CPU
		{5B065906-7B39-42E5-B18E-914BC69378FF}.Release|Any CPU.ActiveCfg = Release|Any CPU
		{5B065906-7B39-42E5-B18E-914BC69378FF}.Release|Any CPU.Build.0 = Release|Any CPU
		{E0876E7E-AD07-45BF-856A-AF3CDC5B749A}.Debug|Any CPU.ActiveCfg = Debug|Any CPU
		{E0876E7E-AD07-45BF-856A-AF3CDC5B749A}.Debug|Any CPU.Build.0 = Debug|Any CPU
		{E0876E7E-AD07-45BF-856A-AF3CDC5B749A}.Release|Any CPU.ActiveCfg = Release|Any CPU
		{E0876E7E-AD07-45BF-856A-AF3CDC5B749A}.Release|Any CPU.Build.0 = Release|Any CPU
		{2B2BC615-2A81-4847-89C3-43F3F3811525}.Debug|Any CPU.ActiveCfg = Debug|Any CPU
		{2B2BC615-2A81-4847-89C3-43F3F3811525}.Debug|Any CPU.Build.0 = Debug|Any CPU
		{2B2BC615-2A81-4847-89C3-43F3F3811525}.Release|Any CPU.ActiveCfg = Release|Any CPU
		{2B2BC615-2A81-4847-89C3-43F3F3811525}.Release|Any CPU.Build.0 = Release|Any CPU
	EndGlobalSection
	GlobalSection(SolutionProperties) = preSolution
		HideSolutionNode = FALSE
	EndGlobalSection
	GlobalSection(NestedProjects) = preSolution
		{E820BEDB-4C6C-466E-8A42-5E4FE84FF7EA} = {BE8F341D-1378-4B40-88F9-6901B74F17C3}
		{CD9F96F8-49C8-46FF-A8CC-2756ED320C6A} = {5D7D01B6-30E0-4552-BE0E-6EE1577B5FA7}
		{3B671AE4-AF30-4256-AB2E-96335CAC1C2F} = {BE8F341D-1378-4B40-88F9-6901B74F17C3}
		{51B830FB-5972-4252-B2B3-AEBF1F4F8B3F} = {BE8F341D-1378-4B40-88F9-6901B74F17C3}
		{88B9501D-26E2-4F35-8843-9C5508ADCE0C} = {BE8F341D-1378-4B40-88F9-6901B74F17C3}
		{F6114966-6C3E-4335-84B2-A838EC8F9FE2} = {87463739-DAB3-4D1B-AA6A-A467C6F8F5F0}
		{283EC98E-8228-4D95-918F-729D39506414} = {BE8F341D-1378-4B40-88F9-6901B74F17C3}
		{5B065906-7B39-42E5-B18E-914BC69378FF} = {8A9E12A8-E596-4CCC-98A8-1836B09E7551}
		{E0876E7E-AD07-45BF-856A-AF3CDC5B749A} = {BE8F341D-1378-4B40-88F9-6901B74F17C3}
		{2B2BC615-2A81-4847-89C3-43F3F3811525} = {BE8F341D-1378-4B40-88F9-6901B74F17C3}
	EndGlobalSection
	GlobalSection(ExtensibilityGlobals) = postSolution
		SolutionGuid = {44782F14-DB85-4BF3-BFEA-254F451A02FA}
	EndGlobalSection
EndGlobal
